
Microsoft Visual Studio Solution File, Format Version 12.00
# Visual Studio Version 16
VisualStudioVersion = 16.0.31729.503
MinimumVisualStudioVersion = 10.0.40219.1
Project("{8BC9CEB8-8B4A-11D0-8D11-00A0C91BC942}") = "IND_17506", "IND_17506\IND_17506.vcxproj", "{1C43EDB1-24CF-4E7D-A544-38FAE8FBD70A}"
EndProject
Global
	GlobalSection(SolutionConfigurationPlatforms) = preSolution
		Debug|x64 = Debug|x64
		Debug|x86 = Debug|x86
		Release|x64 = Release|x64
		Release|x86 = Release|x86
	EndGlobalSection
	GlobalSection(ProjectConfigurationPlatforms) = postSolution
		{1C43EDB1-24CF-4E7D-A544-38FAE8FBD70A}.Debug|x64.ActiveCfg = Debug|x64
		{1C43EDB1-24CF-4E7D-A544-38FAE8FBD70A}.Debug|x64.Build.0 = Debug|x64
		{1C43EDB1-24CF-4E7D-A544-38FAE8FBD70A}.Debug|x86.ActiveCfg = Debug|Win32
		{1C43EDB1-24CF-4E7D-A544-38FAE8FBD70A}.Debug|x86.Build.0 = Debug|Win32
		{1C43EDB1-24CF-4E7D-A544-38FAE8FBD70A}.Release|x64.ActiveCfg = Release|x64
		{1C43EDB1-24CF-4E7D-A544-38FAE8FBD70A}.Release|x64.Build.0 = Release|x64
		{1C43EDB1-24CF-4E7D-A544-38FAE8FBD70A}.Release|x86.ActiveCfg = Release|Win32
		{1C43EDB1-24CF-4E7D-A544-38FAE8FBD70A}.Release|x86.Build.0 = Release|Win32
	EndGlobalSection
	GlobalSection(SolutionProperties) = preSolution
		HideSolutionNode = FALSE
	EndGlobalSection
	GlobalSection(ExtensibilityGlobals) = postSolution
		SolutionGuid = {5BACC9CC-739F-4F3B-80B6-CCFE91F0CF54}
	EndGlobalSection
EndGlobal
